
Microsoft Visual Studio Solution File, Format Version 12.00
Project("{2150E333-8FDC-42A3-9474-1A3956D46DE8}") = "src", "src", "{E58008BD-2801-43D1-A6CF-291E5F2D43F2}"
EndProject
Project("{2150E333-8FDC-42A3-9474-1A3956D46DE8}") = "IdentityService", "IdentityService", "{B403B5F8-F951-4CC3-B473-822A5D8CF6D6}"
EndProject
Project("{FAE04EC0-301F-11D3-BF4B-00C04F79EFBC}") = "IdentityService.Core", "IdentityService.Core\IdentityService.Core.csproj", "{5356B5CA-D99F-4A71-B6BE-18D2BA1AAC96}"
EndProject
Project("{FAE04EC0-301F-11D3-BF4B-00C04F79EFBC}") = "IdentityService.Persistence", "IdentityService.Persistence\IdentityService.Persistence.csproj", "{C2903AF3-90AC-4891-B43C-E9C373929205}"
EndProject
Project("{FAE04EC0-301F-11D3-BF4B-00C04F79EFBC}") = "IdentityService.Application", "IdentityService.Application\IdentityService.Application.csproj", "{B3AB44C6-2241-4B7B-AA39-E4799D1A31D0}"
EndProject
Project("{FAE04EC0-301F-11D3-BF4B-00C04F79EFBC}") = "IdentityService.Infrastructure", "IdentityService.Infrastructure\IdentityService.Infrastructure.csproj", "{BF3C71F1-88A3-4387-BC6E-4F53D53B0029}"
EndProject
Project("{FAE04EC0-301F-11D3-BF4B-00C04F79EFBC}") = "IdentityService.Api", "IdentityService.Api\IdentityService.Api.csproj", "{EE556C3A-0C67-4B62-9477-35CE9FF892A4}"
EndProject
Project("{2150E333-8FDC-42A3-9474-1A3956D46DE8}") = "Solution Items", "Solution Items", "{CE7EC55E-87E2-4DDE-8CD2-3939153DA1F0}"
	ProjectSection(SolutionItems) = preProject
		docker-compose.yml = docker-compose.yml
	EndProjectSection
EndProject
Project("{2150E333-8FDC-42A3-9474-1A3956D46DE8}") = "SavesService", "SavesService", "{E5014320-0004-41DF-8098-32D6E0A17E97}"
EndProject
Project("{FAE04EC0-301F-11D3-BF4B-00C04F79EFBC}") = "SavesService.Core", "SavesService.Core\SavesService.Core.csproj", "{2DA96064-2B90-40E4-AC10-EF2553D1DCAD}"
EndProject
Project("{FAE04EC0-301F-11D3-BF4B-00C04F79EFBC}") = "SavesService.Persistence", "SavesService.Persistence\SavesService.Persistence.csproj", "{5DC7FB45-69B8-4383-89D7-DD80A975B00B}"
EndProject
Project("{FAE04EC0-301F-11D3-BF4B-00C04F79EFBC}") = "SavesService.Application", "SavesService.Application\SavesService.Application.csproj", "{5CF5DFC7-AF23-44E1-9EE5-AC3FAFA5600B}"
EndProject
Project("{FAE04EC0-301F-11D3-BF4B-00C04F79EFBC}") = "SavesService.Infrastructure", "SavesService.Infrastructure\SavesService.Infrastructure.csproj", "{7A43DA6B-9E60-4841-8072-B6C58E2114EC}"
EndProject
Project("{FAE04EC0-301F-11D3-BF4B-00C04F79EFBC}") = "SavesService.Api", "SavesService.Api\SavesService.Api.csproj", "{5AE55B48-2412-44B8-9219-268C75FA32DE}"
EndProject
Global
	GlobalSection(SolutionConfigurationPlatforms) = preSolution
		Debug|Any CPU = Debug|Any CPU
		Release|Any CPU = Release|Any CPU
	EndGlobalSection
	GlobalSection(NestedProjects) = preSolution
		{B403B5F8-F951-4CC3-B473-822A5D8CF6D6} = {E58008BD-2801-43D1-A6CF-291E5F2D43F2}
		{5356B5CA-D99F-4A71-B6BE-18D2BA1AAC96} = {B403B5F8-F951-4CC3-B473-822A5D8CF6D6}
		{C2903AF3-90AC-4891-B43C-E9C373929205} = {B403B5F8-F951-4CC3-B473-822A5D8CF6D6}
		{B3AB44C6-2241-4B7B-AA39-E4799D1A31D0} = {B403B5F8-F951-4CC3-B473-822A5D8CF6D6}
		{BF3C71F1-88A3-4387-BC6E-4F53D53B0029} = {B403B5F8-F951-4CC3-B473-822A5D8CF6D6}
		{EE556C3A-0C67-4B62-9477-35CE9FF892A4} = {B403B5F8-F951-4CC3-B473-822A5D8CF6D6}
		{E5014320-0004-41DF-8098-32D6E0A17E97} = {E58008BD-2801-43D1-A6CF-291E5F2D43F2}
		{2DA96064-2B90-40E4-AC10-EF2553D1DCAD} = {E5014320-0004-41DF-8098-32D6E0A17E97}
		{5DC7FB45-69B8-4383-89D7-DD80A975B00B} = {E5014320-0004-41DF-8098-32D6E0A17E97}
		{5CF5DFC7-AF23-44E1-9EE5-AC3FAFA5600B} = {E5014320-0004-41DF-8098-32D6E0A17E97}
		{7A43DA6B-9E60-4841-8072-B6C58E2114EC} = {E5014320-0004-41DF-8098-32D6E0A17E97}
		{5AE55B48-2412-44B8-9219-268C75FA32DE} = {E5014320-0004-41DF-8098-32D6E0A17E97}
	EndGlobalSection
	GlobalSection(ProjectConfigurationPlatforms) = postSolution
		{5356B5CA-D99F-4A71-B6BE-18D2BA1AAC96}.Debug|Any CPU.ActiveCfg = Debug|Any CPU
		{5356B5CA-D99F-4A71-B6BE-18D2BA1AAC96}.Debug|Any CPU.Build.0 = Debug|Any CPU
		{5356B5CA-D99F-4A71-B6BE-18D2BA1AAC96}.Release|Any CPU.ActiveCfg = Release|Any CPU
		{5356B5CA-D99F-4A71-B6BE-18D2BA1AAC96}.Release|Any CPU.Build.0 = Release|Any CPU
		{C2903AF3-90AC-4891-B43C-E9C373929205}.Debug|Any CPU.ActiveCfg = Debug|Any CPU
		{C2903AF3-90AC-4891-B43C-E9C373929205}.Debug|Any CPU.Build.0 = Debug|Any CPU
		{C2903AF3-90AC-4891-B43C-E9C373929205}.Release|Any CPU.ActiveCfg = Release|Any CPU
		{C2903AF3-90AC-4891-B43C-E9C373929205}.Release|Any CPU.Build.0 = Release|Any CPU
		{B3AB44C6-2241-4B7B-AA39-E4799D1A31D0}.Debug|Any CPU.ActiveCfg = Debug|Any CPU
		{B3AB44C6-2241-4B7B-AA39-E4799D1A31D0}.Debug|Any CPU.Build.0 = Debug|Any CPU
		{B3AB44C6-2241-4B7B-AA39-E4799D1A31D0}.Release|Any CPU.ActiveCfg = Release|Any CPU
		{B3AB44C6-2241-4B7B-AA39-E4799D1A31D0}.Release|Any CPU.Build.0 = Release|Any CPU
		{BF3C71F1-88A3-4387-BC6E-4F53D53B0029}.Debug|Any CPU.ActiveCfg = Debug|Any CPU
		{BF3C71F1-88A3-4387-BC6E-4F53D53B0029}.Debug|Any CPU.Build.0 = Debug|Any CPU
		{BF3C71F1-88A3-4387-BC6E-4F53D53B0029}.Release|Any CPU.ActiveCfg = Release|Any CPU
		{BF3C71F1-88A3-4387-BC6E-4F53D53B0029}.Release|Any CPU.Build.0 = Release|Any CPU
		{EE556C3A-0C67-4B62-9477-35CE9FF892A4}.Debug|Any CPU.ActiveCfg = Debug|Any CPU
		{EE556C3A-0C67-4B62-9477-35CE9FF892A4}.Debug|Any CPU.Build.0 = Debug|Any CPU
		{EE556C3A-0C67-4B62-9477-35CE9FF892A4}.Release|Any CPU.ActiveCfg = Release|Any CPU
		{EE556C3A-0C67-4B62-9477-35CE9FF892A4}.Release|Any CPU.Build.0 = Release|Any CPU
		{2DA96064-2B90-40E4-AC10-EF2553D1DCAD}.Debug|Any CPU.ActiveCfg = Debug|Any CPU
		{2DA96064-2B90-40E4-AC10-EF2553D1DCAD}.Debug|Any CPU.Build.0 = Debug|Any CPU
		{2DA96064-2B90-40E4-AC10-EF2553D1DCAD}.Release|Any CPU.ActiveCfg = Release|Any CPU
		{2DA96064-2B90-40E4-AC10-EF2553D1DCAD}.Release|Any CPU.Build.0 = Release|Any CPU
		{5DC7FB45-69B8-4383-89D7-DD80A975B00B}.Debug|Any CPU.ActiveCfg = Debug|Any CPU
		{5DC7FB45-69B8-4383-89D7-DD80A975B00B}.Debug|Any CPU.Build.0 = Debug|Any CPU
		{5DC7FB45-69B8-4383-89D7-DD80A975B00B}.Release|Any CPU.ActiveCfg = Release|Any CPU
		{5DC7FB45-69B8-4383-89D7-DD80A975B00B}.Release|Any CPU.Build.0 = Release|Any CPU
		{5CF5DFC7-AF23-44E1-9EE5-AC3FAFA5600B}.Debug|Any CPU.ActiveCfg = Debug|Any CPU
		{5CF5DFC7-AF23-44E1-9EE5-AC3FAFA5600B}.Debug|Any CPU.Build.0 = Debug|Any CPU
		{5CF5DFC7-AF23-44E1-9EE5-AC3FAFA5600B}.Release|Any CPU.ActiveCfg = Release|Any CPU
		{5CF5DFC7-AF23-44E1-9EE5-AC3FAFA5600B}.Release|Any CPU.Build.0 = Release|Any CPU
		{7A43DA6B-9E60-4841-8072-B6C58E2114EC}.Debug|Any CPU.ActiveCfg = Debug|Any CPU
		{7A43DA6B-9E60-4841-8072-B6C58E2114EC}.Debug|Any CPU.Build.0 = Debug|Any CPU
		{7A43DA6B-9E60-4841-8072-B6C58E2114EC}.Release|Any CPU.ActiveCfg = Release|Any CPU
		{7A43DA6B-9E60-4841-8072-B6C58E2114EC}.Release|Any CPU.Build.0 = Release|Any CPU
		{5AE55B48-2412-44B8-9219-268C75FA32DE}.Debug|Any CPU.ActiveCfg = Debug|Any CPU
		{5AE55B48-2412-44B8-9219-268C75FA32DE}.Debug|Any CPU.Build.0 = Debug|Any CPU
		{5AE55B48-2412-44B8-9219-268C75FA32DE}.Release|Any CPU.ActiveCfg = Release|Any CPU
		{5AE55B48-2412-44B8-9219-268C75FA32DE}.Release|Any CPU.Build.0 = Release|Any CPU
	EndGlobalSection
EndGlobal
